
Microsoft Visual Studio Solution File, Format Version 12.00
# Visual Studio Version 17
VisualStudioVersion = 17.8.34330.188
MinimumVisualStudioVersion = 10.0.40219.1
Project("{FAE04EC0-301F-11D3-BF4B-00C04F79EFBC}") = "Encapsulation", "Encapsulation\Encapsulation.csproj", "{773554F2-5933-4580-8F3A-CAA87B52AAB9}"
EndProject
Project("{FAE04EC0-301F-11D3-BF4B-00C04F79EFBC}") = "Fraction", "Fraction\Fraction.csproj", "{1A38B23A-7882-4650-9CF2-C50F8291EE2A}"
EndProject
Global
	GlobalSection(SolutionConfigurationPlatforms) = preSolution
		Debug|Any CPU = Debug|Any CPU
		Release|Any CPU = Release|Any CPU
	EndGlobalSection
	GlobalSection(ProjectConfigurationPlatforms) = postSolution
		{773554F2-5933-4580-8F3A-CAA87B52AAB9}.Debug|Any CPU.ActiveCfg = Debug|Any CPU
		{773554F2-5933-4580-8F3A-CAA87B52AAB9}.Debug|Any CPU.Build.0 = Debug|Any CPU
		{773554F2-5933-4580-8F3A-CAA87B52AAB9}.Release|Any CPU.ActiveCfg = Release|Any CPU
		{773554F2-5933-4580-8F3A-CAA87B52AAB9}.Release|Any CPU.Build.0 = Release|Any CPU
		{1A38B23A-7882-4650-9CF2-C50F8291EE2A}.Debug|Any CPU.ActiveCfg = Debug|Any CPU
		{1A38B23A-7882-4650-9CF2-C50F8291EE2A}.Debug|Any CPU.Build.0 = Debug|Any CPU
		{1A38B23A-7882-4650-9CF2-C50F8291EE2A}.Release|Any CPU.ActiveCfg = Release|Any CPU
		{1A38B23A-7882-4650-9CF2-C50F8291EE2A}.Release|Any CPU.Build.0 = Release|Any CPU
	EndGlobalSection
	GlobalSection(SolutionProperties) = preSolution
		HideSolutionNode = FALSE
	EndGlobalSection
	GlobalSection(ExtensibilityGlobals) = postSolution
		SolutionGuid = {7974ABED-9E9D-4A71-BCF5-6F3BB91F45B7}
	EndGlobalSection
EndGlobal
